
Microsoft Visual Studio Solution File, Format Version 12.00
Project("{FAE04EC0-301F-11D3-BF4B-00C04F79EFBC}") = "Assignment3-AsyncConsoleApp", "Assignment3-AsyncConsoleApp\Assignment3-AsyncConsoleApp.csproj", "{4A6456BD-4609-448A-BCC3-7D47CB1C60E7}"
EndProject
Global
	GlobalSection(SolutionConfigurationPlatforms) = preSolution
		Debug|Any CPU = Debug|Any CPU
		Release|Any CPU = Release|Any CPU
	EndGlobalSection
	GlobalSection(ProjectConfigurationPlatforms) = postSolution
		{4A6456BD-4609-448A-BCC3-7D47CB1C60E7}.Debug|Any CPU.ActiveCfg = Debug|Any CPU
		{4A6456BD-4609-448A-BCC3-7D47CB1C60E7}.Debug|Any CPU.Build.0 = Debug|Any CPU
		{4A6456BD-4609-448A-BCC3-7D47CB1C60E7}.Release|Any CPU.ActiveCfg = Release|Any CPU
		{4A6456BD-4609-448A-BCC3-7D47CB1C60E7}.Release|Any CPU.Build.0 = Release|Any CPU
	EndGlobalSection
EndGlobal
